
Microsoft Visual Studio Solution File, Format Version 11.00
# Visual Studio 2010
Project("{54435603-DBB4-11D2-8724-00A0C9A8B90C}") = "Setup1", "Setup1.vdproj", "{CE119901-4FB2-43F1-84C3-558A4197158E}"
EndProject
Global
	GlobalSection(SolutionConfigurationPlatforms) = preSolution
		Debug|Default = Debug|Default
		Release|Default = Release|Default
	EndGlobalSection
	GlobalSection(ProjectConfigurationPlatforms) = postSolution
		{CE119901-4FB2-43F1-84C3-558A4197158E}.Debug|Default.ActiveCfg = Debug
		{CE119901-4FB2-43F1-84C3-558A4197158E}.Debug|Default.Build.0 = Debug
		{CE119901-4FB2-43F1-84C3-558A4197158E}.Release|Default.ActiveCfg = Release
		{CE119901-4FB2-43F1-84C3-558A4197158E}.Release|Default.Build.0 = Release
	EndGlobalSection
	GlobalSection(SolutionProperties) = preSolution
		HideSolutionNode = FALSE
	EndGlobalSection
EndGlobal
